
Microsoft Visual Studio Solution File, Format Version 12.00
# Visual Studio Version 16
VisualStudioVersion = 16.0.30611.23
MinimumVisualStudioVersion = 10.0.40219.1
Project("{FAE04EC0-301F-11D3-BF4B-00C04F79EFBC}") = "Northwind.Ordering.Web", "Northwind.Ordering.Web\Northwind.Ordering.Web.csproj", "{98F17328-44C8-4E21-A9F3-3BE6A839B635}"
EndProject
Global
	GlobalSection(SolutionConfigurationPlatforms) = preSolution
		Debug|Any CPU = Debug|Any CPU
		Release|Any CPU = Release|Any CPU
	EndGlobalSection
	GlobalSection(ProjectConfigurationPlatforms) = postSolution
		{98F17328-44C8-4E21-A9F3-3BE6A839B635}.Debug|Any CPU.ActiveCfg = Debug|Any CPU
		{98F17328-44C8-4E21-A9F3-3BE6A839B635}.Debug|Any CPU.Build.0 = Debug|Any CPU
		{98F17328-44C8-4E21-A9F3-3BE6A839B635}.Release|Any CPU.ActiveCfg = Release|Any CPU
		{98F17328-44C8-4E21-A9F3-3BE6A839B635}.Release|Any CPU.Build.0 = Release|Any CPU
	EndGlobalSection
	GlobalSection(SolutionProperties) = preSolution
		HideSolutionNode = FALSE
	EndGlobalSection
	GlobalSection(ExtensibilityGlobals) = postSolution
		SolutionGuid = {26A7815E-F166-46B6-89B9-0B603161BE10}
	EndGlobalSection
EndGlobal
